<?xml version="1.0" encoding="utf-8"?>
<Project ToolsVersion="4.0" xmlns="http://schemas.microsoft.com/developer/msbuild/2003">
  <ItemGroup>
    <ClInclude Include="Game.h" />
    <ClInclude Include="Modding\ModLoader.h">
      <Filter>Modding</Filter>
    </ClInclude>
    <ClInclude Include="Renderer\Renderer.h">
      <Filter>Renderer</Filter>
    </ClInclude>
    <ClInclude Include="Renderer\RendererCore.h">
      <Filter>Renderer</Filter>
    </ClInclude>
    <ClInclude Include="Renderer\SDLException.h">
      <Filter>Renderer</Filter>
    </ClInclude>
    <ClInclude Include="Renderer\SDLHelper.h">
      <Filter>Renderer</Filter>
    </ClInclude>
    <ClInclude Include="Renderer\Texture.h">
      <Filter>Renderer</Filter>
    </ClInclude>
    <ClInclude Include="Window\Window.h">
      <Filter>Window</Filter>
    </ClInclude>
    <ClInclude Include="Window\WindowCore.h">
      <Filter>Window</Filter>
    </ClInclude>
    <ClInclude Include="Debugging\DebugCategory.h">
      <Filter>Debugging</Filter>
    </ClInclude>
    <ClInclude Include="Debugging\DebugCategoryHandle.h">
      <Filter>Debugging</Filter>
    </ClInclude>
    <ClInclude Include="Debugging\GameplayDebugger.h">
      <Filter>Debugging</Filter>
    </ClInclude>
    <ClInclude Include="Modding\Mod.h">
      <Filter>Modding</Filter>
    </ClInclude>
    <ClInclude Include="Modding\ModInfo.h">
      <Filter>Modding</Filter>
    </ClInclude>
    <ClInclude Include="Modding\ModCore.h">
      <Filter>Modding</Filter>
    </ClInclude>
    <ClInclude Include="Modding\ModException.h">
      <Filter>Modding</Filter>
    </ClInclude>
    <ClInclude Include="Modding\EntityType.h">
      <Filter>Modding</Filter>
    </ClInclude>
    <ClInclude Include="Framework\Application.h">
      <Filter>Framework</Filter>
    </ClInclude>
    <ClInclude Include="World\World.h">
      <Filter>World</Filter>
    </ClInclude>
    <ClInclude Include="World\Entity.h">
      <Filter>World</Filter>
    </ClInclude>
    <ClInclude Include="World\Object.h">
      <Filter>World</Filter>
    </ClInclude>
    <ClInclude Include="World\Character.h">
      <Filter>World</Filter>
    </ClInclude>
  </ItemGroup>
  <ItemGroup>
    <Filter Include="Modding">
      <UniqueIdentifier>{76508272-c2b1-42a2-bcf8-cb6e3c7c1257}</UniqueIdentifier>
    </Filter>
    <Filter Include="Renderer">
      <UniqueIdentifier>{ce606949-c10a-421e-b08b-e33e108f8c7e}</UniqueIdentifier>
    </Filter>
    <Filter Include="Window">
      <UniqueIdentifier>{48399c33-5cf4-418e-a1d5-8afa049c5268}</UniqueIdentifier>
    </Filter>
    <Filter Include="Debugging">
      <UniqueIdentifier>{9822cdcf-cfef-48a7-9c2a-97eb9773d8e2}</UniqueIdentifier>
    </Filter>
    <Filter Include="Framework">
      <UniqueIdentifier>{a0bc3e5f-1a39-4ac2-9239-8ca4ad4f67c8}</UniqueIdentifier>
    </Filter>
    <Filter Include="World">
      <UniqueIdentifier>{8c7095c9-7d9e-4a3e-b478-033078a72be7}</UniqueIdentifier>
    </Filter>
  </ItemGroup>
  <ItemGroup>
    <ClCompile Include="Modding\ModLoader.cpp">
      <Filter>Modding</Filter>
    </ClCompile>
    <ClCompile Include="Renderer\Renderer.cpp">
      <Filter>Renderer</Filter>
    </ClCompile>
    <ClCompile Include="Renderer\SDLException.cpp">
      <Filter>Renderer</Filter>
    </ClCompile>
    <ClCompile Include="Renderer\Texture.cpp">
      <Filter>Renderer</Filter>
    </ClCompile>
    <ClCompile Include="Window\Window.cpp">
      <Filter>Window</Filter>
    </ClCompile>
    <ClCompile Include="Debugging\DebugCategory.cpp">
      <Filter>Debugging</Filter>
    </ClCompile>
    <ClCompile Include="Debugging\DebugCategoryHandle.cpp">
      <Filter>Debugging</Filter>
    </ClCompile>
    <ClCompile Include="Debugging\GameplayDebugger.cpp">
      <Filter>Debugging</Filter>
    </ClCompile>
    <ClCompile Include="Modding\Mod.cpp">
      <Filter>Modding</Filter>
    </ClCompile>
    <ClCompile Include="Modding\EntityType.cpp">
      <Filter>Modding</Filter>
    </ClCompile>
    <ClCompile Include="Framework\Application.cpp">
      <Filter>Framework</Filter>
    </ClCompile>
    <ClCompile Include="World\World.cpp">
      <Filter>World</Filter>
    </ClCompile>
    <ClCompile Include="World\Entity.cpp">
      <Filter>World</Filter>
    </ClCompile>
    <ClCompile Include="World\Object.cpp">
      <Filter>World</Filter>
    </ClCompile>
    <ClCompile Include="World\Character.cpp">
      <Filter>World</Filter>
    </ClCompile>
  </ItemGroup>
  <ItemGroup>
    <None Include="packages.config" />
  </ItemGroup>
</Project>