<?xml version="1.0" encoding="utf-8"?>
<Project ToolsVersion="4.0" xmlns="http://schemas.microsoft.com/developer/msbuild/2003">
  <ItemGroup>
    <ClInclude Include="Game.h" />
    <ClInclude Include="Modding\ModLoader.h">
      <Filter>Modding</Filter>
    </ClInclude>
    <ClInclude Include="Renderer\Renderer.h">
      <Filter>Renderer</Filter>
    </ClInclude>
    <ClInclude Include="Renderer\RendererCore.h">
      <Filter>Renderer</Filter>
    </ClInclude>
    <ClInclude Include="Renderer\SDLException.h">
      <Filter>Renderer</Filter>
    </ClInclude>
    <ClInclude Include="Renderer\SDLHelper.h">
      <Filter>Renderer</Filter>
    </ClInclude>
    <ClInclude Include="Renderer\Texture.h">
      <Filter>Renderer</Filter>
    </ClInclude>
    <ClInclude Include="Window\Window.h">
      <Filter>Window</Filter>
    </ClInclude>
    <ClInclude Include="Window\WindowCore.h">
      <Filter>Window</Filter>
    </ClInclude>
    <ClInclude Include="Config\GameConfiguration.h">
      <Filter>Config</Filter>
    </ClInclude>
    <ClInclude Include="Debugging\DebugCategory.h">
      <Filter>Debugging</Filter>
    </ClInclude>
    <ClInclude Include="Debugging\DebugCategoryHandle.h">
      <Filter>Debugging</Filter>
    </ClInclude>
    <ClInclude Include="Debugging\GameplayDebugger.h">
      <Filter>Debugging</Filter>
    </ClInclude>
    <ClInclude Include="Debugging\Logger.h">
      <Filter>Debugging</Filter>
    </ClInclude>
    <ClInclude Include="Debugging\Verbosity.h">
      <Filter>Debugging</Filter>
    </ClInclude>
    <ClInclude Include="Modding\Mod.h">
      <Filter>Modding</Filter>
    </ClInclude>
    <ClInclude Include="Modding\ModInfo.h">
      <Filter>Modding</Filter>
    </ClInclude>
    <ClInclude Include="Modding\ModCore.h">
      <Filter>Modding</Filter>
    </ClInclude>
    <ClInclude Include="Modding\ModException.h">
      <Filter>Modding</Filter>
    </ClInclude>
    <ClInclude Include="Modding\Entity.h">
      <Filter>Modding</Filter>
    </ClInclude>
    <ClInclude Include="Modding\EntityType.h">
      <Filter>Modding</Filter>
    </ClInclude>
  </ItemGroup>
  <ItemGroup>
    <Filter Include="Modding">
      <UniqueIdentifier>{76508272-c2b1-42a2-bcf8-cb6e3c7c1257}</UniqueIdentifier>
    </Filter>
    <Filter Include="Renderer">
      <UniqueIdentifier>{ce606949-c10a-421e-b08b-e33e108f8c7e}</UniqueIdentifier>
    </Filter>
    <Filter Include="Window">
      <UniqueIdentifier>{48399c33-5cf4-418e-a1d5-8afa049c5268}</UniqueIdentifier>
    </Filter>
    <Filter Include="Config">
      <UniqueIdentifier>{db5a4d21-5e1f-4ae0-844c-e62661a06245}</UniqueIdentifier>
    </Filter>
    <Filter Include="Debugging">
      <UniqueIdentifier>{9822cdcf-cfef-48a7-9c2a-97eb9773d8e2}</UniqueIdentifier>
    </Filter>
  </ItemGroup>
  <ItemGroup>
    <ClCompile Include="Modding\ModLoader.cpp">
      <Filter>Modding</Filter>
    </ClCompile>
    <ClCompile Include="Renderer\Renderer.cpp">
      <Filter>Renderer</Filter>
    </ClCompile>
    <ClCompile Include="Renderer\SDLException.cpp">
      <Filter>Renderer</Filter>
    </ClCompile>
    <ClCompile Include="Renderer\Texture.cpp">
      <Filter>Renderer</Filter>
    </ClCompile>
    <ClCompile Include="Window\Window.cpp">
      <Filter>Window</Filter>
    </ClCompile>
    <ClCompile Include="Config\GameConfiguration.cpp">
      <Filter>Config</Filter>
    </ClCompile>
    <ClCompile Include="Debugging\DebugCategory.cpp">
      <Filter>Debugging</Filter>
    </ClCompile>
    <ClCompile Include="Debugging\DebugCategoryHandle.cpp">
      <Filter>Debugging</Filter>
    </ClCompile>
    <ClCompile Include="Debugging\GameplayDebugger.cpp">
      <Filter>Debugging</Filter>
    </ClCompile>
    <ClCompile Include="Debugging\Logger.cpp">
      <Filter>Debugging</Filter>
    </ClCompile>
    <ClCompile Include="Modding\Mod.cpp">
      <Filter>Modding</Filter>
    </ClCompile>
    <ClCompile Include="Modding\Entity.cpp">
      <Filter>Modding</Filter>
    </ClCompile>
    <ClCompile Include="Modding\EntityType.cpp">
      <Filter>Modding</Filter>
    </ClCompile>
  </ItemGroup>
  <ItemGroup>
    <None Include="packages.config" />
  </ItemGroup>
</Project>