<?xml version="1.0" encoding="utf-8"?>
<Project ToolsVersion="4.0" xmlns="http://schemas.microsoft.com/developer/msbuild/2003">
  <ItemGroup>
    <Filter Include="Resources">
      <UniqueIdentifier>{e543fea8-6abb-4b07-b6b6-c55200e29bc1}</UniqueIdentifier>
    </Filter>
    <Filter Include="Core">
      <UniqueIdentifier>{31b67e7e-7322-4bbb-bdcf-68266d677334}</UniqueIdentifier>
    </Filter>
    <Filter Include="Debugging">
      <UniqueIdentifier>{2b0020af-f00f-4d6e-86b3-77516ff2e1d0}</UniqueIdentifier>
    </Filter>
    <Filter Include="Main">
      <UniqueIdentifier>{b4392143-9c2c-43b5-8e78-91c2e60d1142}</UniqueIdentifier>
    </Filter>
    <Filter Include="Renderer">
      <UniqueIdentifier>{d3abfd6a-1a9c-4d99-aa7a-479523422e9d}</UniqueIdentifier>
    </Filter>
    <Filter Include="Window">
      <UniqueIdentifier>{bddb2b8d-5bca-4b12-a306-cd27873943df}</UniqueIdentifier>
    </Filter>
  </ItemGroup>
  <ItemGroup>
    <Image Include="Resources\Smiley.bmp">
      <Filter>Resources</Filter>
    </Image>
  </ItemGroup>
  <ItemGroup>
    <ClCompile Include="Core\Color.cpp">
      <Filter>Core</Filter>
    </ClCompile>
    <ClCompile Include="Debugging\DebugCategory.cpp">
      <Filter>Debugging</Filter>
    </ClCompile>
    <ClCompile Include="Debugging\DebugCategoryHandle.cpp">
      <Filter>Debugging</Filter>
    </ClCompile>
    <ClCompile Include="Debugging\GameplayDebugger.cpp">
      <Filter>Debugging</Filter>
    </ClCompile>
    <ClCompile Include="Main\main.cpp">
      <Filter>Main</Filter>
    </ClCompile>
    <ClCompile Include="Renderer\Renderer.cpp">
      <Filter>Renderer</Filter>
    </ClCompile>
    <ClCompile Include="Renderer\SDLException.cpp">
      <Filter>Renderer</Filter>
    </ClCompile>
    <ClCompile Include="Renderer\Texture.cpp">
      <Filter>Renderer</Filter>
    </ClCompile>
    <ClCompile Include="Window\Window.cpp">
      <Filter>Window</Filter>
    </ClCompile>
    <ClCompile Include="Core\Font.cpp">
      <Filter>Core</Filter>
    </ClCompile>
  </ItemGroup>
  <ItemGroup>
    <ClInclude Include="Core\Color.h">
      <Filter>Core</Filter>
    </ClInclude>
    <ClInclude Include="Debugging\DebugCategory.h">
      <Filter>Debugging</Filter>
    </ClInclude>
    <ClInclude Include="Debugging\DebugCategoryHandle.h">
      <Filter>Debugging</Filter>
    </ClInclude>
    <ClInclude Include="Debugging\GameplayDebugger.h">
      <Filter>Debugging</Filter>
    </ClInclude>
    <ClInclude Include="Renderer\Renderer.h">
      <Filter>Renderer</Filter>
    </ClInclude>
    <ClInclude Include="Renderer\RendererCore.h">
      <Filter>Renderer</Filter>
    </ClInclude>
    <ClInclude Include="Renderer\SDLException.h">
      <Filter>Renderer</Filter>
    </ClInclude>
    <ClInclude Include="Renderer\SDLHelper.h">
      <Filter>Renderer</Filter>
    </ClInclude>
    <ClInclude Include="Renderer\Texture.h">
      <Filter>Renderer</Filter>
    </ClInclude>
    <ClInclude Include="Window\Window.h">
      <Filter>Window</Filter>
    </ClInclude>
    <ClInclude Include="Window\WindowCore.h">
      <Filter>Window</Filter>
    </ClInclude>
    <ClInclude Include="Core\Font.h">
      <Filter>Core</Filter>
    </ClInclude>
    <ClInclude Include="Core\Core.h">
      <Filter>Core</Filter>
    </ClInclude>
  </ItemGroup>
</Project>