<?xml version="1.0" encoding="utf-8"?>
<Project ToolsVersion="4.0" xmlns="http://schemas.microsoft.com/developer/msbuild/2003">
  <ItemGroup>
    <Filter Include="Source Files">
      <UniqueIdentifier>{4FC737F1-C7A5-4376-A066-2A32D752A2FF}</UniqueIdentifier>
      <Extensions>cpp;c;cc;cxx;def;odl;idl;hpj;bat;asm;asmx</Extensions>
    </Filter>
    <Filter Include="Header Files">
      <UniqueIdentifier>{93995380-89BD-4b04-88EB-625FBE52EBFB}</UniqueIdentifier>
      <Extensions>h;hh;hpp;hxx;hm;inl;inc;ipp;xsd</Extensions>
    </Filter>
    <Filter Include="Resource Files">
      <UniqueIdentifier>{67DA6AB6-F800-4c08-8B7A-83BB121AAD01}</UniqueIdentifier>
      <Extensions>rc;ico;cur;bmp;dlg;rc2;rct;bin;rgs;gif;jpg;jpeg;jpe;resx;tiff;tif;png;wav;mfcribbon-ms</Extensions>
    </Filter>
    <Filter Include="Source Files\OS Window">
      <UniqueIdentifier>{28579a2c-078c-456a-a75f-b3f99c4e4a35}</UniqueIdentifier>
    </Filter>
    <Filter Include="Header Files\OS Window">
      <UniqueIdentifier>{cdb7640c-c433-463b-96c8-4f069b1325e5}</UniqueIdentifier>
    </Filter>
  </ItemGroup>
  <ItemGroup>
    <ClCompile Include="OS Window\main.cpp">
      <Filter>Source Files\OS Window</Filter>
    </ClCompile>
    <ClCompile Include="OS Window\Window.cpp">
      <Filter>Source Files\OS Window</Filter>
    </ClCompile>
    <ClCompile Include="OS Window\WindowProcedure.cpp">
      <Filter>Source Files\OS Window</Filter>
    </ClCompile>
  </ItemGroup>
  <ItemGroup>
    <ClInclude Include="OS Window\main.h">
      <Filter>Header Files\OS Window</Filter>
    </ClInclude>
    <ClInclude Include="OS Window\PrettyWin32.h">
      <Filter>Header Files\OS Window</Filter>
    </ClInclude>
    <ClInclude Include="OS Window\Window.h">
      <Filter>Header Files\OS Window</Filter>
    </ClInclude>
    <ClInclude Include="OS Window\WindowProcedure.h">
      <Filter>Header Files\OS Window</Filter>
    </ClInclude>
  </ItemGroup>
</Project>