<?xml version="1.0" encoding="utf-8"?>
<Project ToolsVersion="4.0" xmlns="http://schemas.microsoft.com/developer/msbuild/2003">
  <ItemGroup>
    <Filter Include="Source">
      <UniqueIdentifier>{93995380-89BD-4b04-88EB-625FBE52EBFB}</UniqueIdentifier>
      <Extensions>h;hh;hpp;hxx;hm;inl;inc;ipp;xsd</Extensions>
    </Filter>
    <Filter Include="Source\Main">
      <UniqueIdentifier>{8d2395a6-8bb2-4485-8119-4c34eb409d7e}</UniqueIdentifier>
    </Filter>
    <Filter Include="Shaders">
      <UniqueIdentifier>{3c65983a-588d-4d2a-806b-462ad57bc370}</UniqueIdentifier>
    </Filter>
  </ItemGroup>
  <ItemGroup>
    <FxCompile Include="Artemis\Shaders\PixelShader.hlsl">
      <Filter>Shaders</Filter>
    </FxCompile>
    <FxCompile Include="Artemis\Shaders\VertexShader.hlsl">
      <Filter>Shaders</Filter>
    </FxCompile>
  </ItemGroup>
  <ItemGroup>
    <ClCompile Include="Artemis\Main\ApplicationArguments.cpp">
      <Filter>Source\Main</Filter>
    </ClCompile>
    <ClCompile Include="Artemis\Main\main.cpp">
      <Filter>Source\Main</Filter>
    </ClCompile>
  </ItemGroup>
  <ItemGroup>
    <ClInclude Include="Artemis\Main\ApplicationArguments.h">
      <Filter>Source\Main</Filter>
    </ClInclude>
  </ItemGroup>
</Project>