<?xml version="1.0" encoding="utf-8"?>
<Project ToolsVersion="4.0" xmlns="http://schemas.microsoft.com/developer/msbuild/2003">
  <ItemGroup>
    <Filter Include="Source Files">
      <UniqueIdentifier>{4FC737F1-C7A5-4376-A066-2A32D752A2FF}</UniqueIdentifier>
      <Extensions>cpp;c;cc;cxx;def;odl;idl;hpj;bat;asm;asmx</Extensions>
    </Filter>
    <Filter Include="Header Files">
      <UniqueIdentifier>{93995380-89BD-4b04-88EB-625FBE52EBFB}</UniqueIdentifier>
      <Extensions>h;hh;hpp;hxx;hm;inl;inc;ipp;xsd</Extensions>
    </Filter>
    <Filter Include="Resource Files">
      <UniqueIdentifier>{67DA6AB6-F800-4c08-8B7A-83BB121AAD01}</UniqueIdentifier>
      <Extensions>rc;ico;cur;bmp;dlg;rc2;rct;bin;rgs;gif;jpg;jpeg;jpe;resx;tiff;tif;png;wav;mfcribbon-ms</Extensions>
    </Filter>
    <Filter Include="Header Files\src">
      <UniqueIdentifier>{e8f7ef1f-0adb-42fb-aacf-ea710ee1f205}</UniqueIdentifier>
    </Filter>
    <Filter Include="Header Files\src\Structs">
      <UniqueIdentifier>{3f1dd9c7-b334-4cc7-8022-a0bb80e69b03}</UniqueIdentifier>
    </Filter>
    <Filter Include="Header Files\src\Main">
      <UniqueIdentifier>{c5f6298f-5f78-4788-bf94-5d299aa5e267}</UniqueIdentifier>
    </Filter>
    <Filter Include="Source Files\Main">
      <UniqueIdentifier>{ed832a20-69f4-4acd-9ed7-a503e195276c}</UniqueIdentifier>
    </Filter>
    <Filter Include="Source Files\Structs">
      <UniqueIdentifier>{cc3e728b-6a65-4518-bbcc-3aeb2f93843e}</UniqueIdentifier>
    </Filter>
    <Filter Include="Header Files\src\Windows">
      <UniqueIdentifier>{cdb7640c-c433-463b-96c8-4f069b1325e5}</UniqueIdentifier>
    </Filter>
    <Filter Include="Source Files\Windows">
      <UniqueIdentifier>{28579a2c-078c-456a-a75f-b3f99c4e4a35}</UniqueIdentifier>
    </Filter>
  </ItemGroup>
  <ItemGroup>
    <ClCompile Include="src\Main\main.cpp">
      <Filter>Source Files\Main</Filter>
    </ClCompile>
    <ClCompile Include="src\Structs\Color.cpp">
      <Filter>Source Files\Structs</Filter>
    </ClCompile>
    <ClCompile Include="src\Windows\GameWindow.cpp">
      <Filter>Source Files\Windows</Filter>
    </ClCompile>
    <ClCompile Include="src\Windows\Window.cpp">
      <Filter>Source Files\Windows</Filter>
    </ClCompile>
    <ClCompile Include="src\Windows\WindowProcedure.cpp">
      <Filter>Source Files\Windows</Filter>
    </ClCompile>
  </ItemGroup>
  <ItemGroup>
    <ClInclude Include="src\Structs\Color.h">
      <Filter>Header Files\src\Structs</Filter>
    </ClInclude>
    <ClInclude Include="src\Main\PrettyWin32.h">
      <Filter>Header Files\src\Main</Filter>
    </ClInclude>
    <ClInclude Include="src\ArtemisEngine.h">
      <Filter>Header Files\src</Filter>
    </ClInclude>
    <ClInclude Include="src\Windows\Window.h">
      <Filter>Header Files\src\Windows</Filter>
    </ClInclude>
    <ClInclude Include="src\Windows\GameWindow.h">
      <Filter>Header Files\src\Windows</Filter>
    </ClInclude>
    <ClInclude Include="src\Windows\WindowProcedure.h">
      <Filter>Header Files\src\Windows</Filter>
    </ClInclude>
  </ItemGroup>
</Project>