<?xml version="1.0" encoding="utf-8"?>
<Project ToolsVersion="4.0" xmlns="http://schemas.microsoft.com/developer/msbuild/2003">
  <ItemGroup>
    <Filter Include="Source">
      <UniqueIdentifier>{e03604f4-8c47-41ef-986a-9163d25c464c}</UniqueIdentifier>
    </Filter>
    <Filter Include="Source\Memory">
      <UniqueIdentifier>{068b6206-6d74-4d09-9fd7-a07e66b711be}</UniqueIdentifier>
    </Filter>
    <Filter Include="Source\Core">
      <UniqueIdentifier>{8b70e661-6841-4cd8-bd6f-dbe4750ad298}</UniqueIdentifier>
    </Filter>
    <Filter Include="Source\Exception">
      <UniqueIdentifier>{76673959-82de-44bb-a60d-6cd6717fa3e8}</UniqueIdentifier>
    </Filter>
    <Filter Include="Source\Application">
      <UniqueIdentifier>{aa315ef0-7efd-40a2-a7e7-0b764cb684fb}</UniqueIdentifier>
    </Filter>
    <Filter Include="Source\IO">
      <UniqueIdentifier>{bb52f2bc-8842-40a7-8578-ff13da981ff2}</UniqueIdentifier>
    </Filter>
    <Filter Include="Source\Debugging">
      <UniqueIdentifier>{fccf3ae5-d336-4aa5-b84c-5f1bd4b4b31e}</UniqueIdentifier>
    </Filter>
    <Filter Include="Source\Config">
      <UniqueIdentifier>{24dd9d16-add5-46e5-bd58-59a19a29721e}</UniqueIdentifier>
    </Filter>
    <Filter Include="Source\Rendering">
      <UniqueIdentifier>{edde0497-9769-41e9-9e0b-9e1dcb6b0bb3}</UniqueIdentifier>
    </Filter>
    <Filter Include="Shaders">
      <UniqueIdentifier>{9b4e4bf3-a876-4296-add2-7bcfdfca8664}</UniqueIdentifier>
    </Filter>
    <Filter Include="Shaders\Vertex">
      <UniqueIdentifier>{47983e23-f9db-4138-a92c-d8943f23cc42}</UniqueIdentifier>
    </Filter>
    <Filter Include="Shaders\PixelShader">
      <UniqueIdentifier>{c6cbfd71-fb5b-46e6-907b-b9707070c8ba}</UniqueIdentifier>
    </Filter>
  </ItemGroup>
  <ItemGroup>
    <ClInclude Include="Source\Memory\IAllocator.h">
      <Filter>Source\Memory</Filter>
    </ClInclude>
    <ClInclude Include="Source\Core\Types.h">
      <Filter>Source\Core</Filter>
    </ClInclude>
    <ClInclude Include="Source\Core.h">
      <Filter>Source</Filter>
    </ClInclude>
    <ClInclude Include="Source\Memory\BaseAllocator.h">
      <Filter>Source\Memory</Filter>
    </ClInclude>
    <ClInclude Include="Source\Memory\LinearAllocator.h">
      <Filter>Source\Memory</Filter>
    </ClInclude>
    <ClInclude Include="Source\Exception\Exception.h">
      <Filter>Source\Exception</Filter>
    </ClInclude>
    <ClInclude Include="Source\Exception\ArgumentException.h">
      <Filter>Source\Exception</Filter>
    </ClInclude>
    <ClInclude Include="Source\Core\Macros.h">
      <Filter>Source\Core</Filter>
    </ClInclude>
    <ClInclude Include="Source\Memory\IDeallocator.h">
      <Filter>Source\Memory</Filter>
    </ClInclude>
    <ClInclude Include="Source\Memory\AllocatorUtility.h">
      <Filter>Source\Memory</Filter>
    </ClInclude>
    <ClInclude Include="Source\Core\Math.h">
      <Filter>Source\Core</Filter>
    </ClInclude>
    <ClInclude Include="Source\Exception\OutOfMemoryException.h">
      <Filter>Source\Exception</Filter>
    </ClInclude>
    <ClInclude Include="Source\Memory\StackAllocator.h">
      <Filter>Source\Memory</Filter>
    </ClInclude>
    <ClInclude Include="Source\Memory\FreeListAllocator.h">
      <Filter>Source\Memory</Filter>
    </ClInclude>
    <ClInclude Include="Source\Exception\NullPointerException.h">
      <Filter>Source\Exception</Filter>
    </ClInclude>
    <ClInclude Include="Source\Application\Application.h">
      <Filter>Source\Application</Filter>
    </ClInclude>
    <ClInclude Include="Source\Core\SizeDef.h">
      <Filter>Source\Core</Filter>
    </ClInclude>
    <ClInclude Include="Source\IO\Path.h">
      <Filter>Source\IO</Filter>
    </ClInclude>
    <ClInclude Include="Source\IO\Directory.h">
      <Filter>Source\IO</Filter>
    </ClInclude>
    <ClInclude Include="Source\Application\Window.h">
      <Filter>Source\Application</Filter>
    </ClInclude>
    <ClInclude Include="Source\Core\INIReader.h">
      <Filter>Source\Core</Filter>
    </ClInclude>
    <ClInclude Include="Source\Core\StringUtility.h">
      <Filter>Source\Core</Filter>
    </ClInclude>
    <ClInclude Include="Source\Exception\INISyntaxException.h">
      <Filter>Source\Exception</Filter>
    </ClInclude>
    <ClInclude Include="Source\Exception\IOException.h">
      <Filter>Source\Exception</Filter>
    </ClInclude>
    <ClInclude Include="Source\Debugging\Logger.h">
      <Filter>Source\Debugging</Filter>
    </ClInclude>
    <ClInclude Include="Source\Debugging\Verbosity.h">
      <Filter>Source\Debugging</Filter>
    </ClInclude>
    <ClInclude Include="Source\Config\GameConfiguration.h">
      <Filter>Source\Config</Filter>
    </ClInclude>
    <ClInclude Include="Source\Rendering\Renderer.h">
      <Filter>Source\Rendering</Filter>
    </ClInclude>
    <ClInclude Include="Source\Exception\DirectXException.h">
      <Filter>Source\Exception</Filter>
    </ClInclude>
    <ClInclude Include="Source\Rendering\DirectXCore.h">
      <Filter>Source\Rendering</Filter>
    </ClInclude>
    <ClInclude Include="Source\Rendering\GraphicsDevice.h">
      <Filter>Source\Rendering</Filter>
    </ClInclude>
    <ClInclude Include="Source\Rendering\SwapChain.h">
      <Filter>Source\Rendering</Filter>
    </ClInclude>
    <ClInclude Include="Source\Rendering\RenderTargetView.h">
      <Filter>Source\Rendering</Filter>
    </ClInclude>
    <ClInclude Include="Source\Core\Color.h">
      <Filter>Source\Core</Filter>
    </ClInclude>
    <ClInclude Include="Source\Rendering\ColorShaderClass.h">
      <Filter>Source\Rendering</Filter>
    </ClInclude>
    <ClInclude Include="Source\Rendering\Model.h">
      <Filter>Source\Rendering</Filter>
    </ClInclude>
    <ClInclude Include="Source\Rendering\Camera.h">
      <Filter>Source\Rendering</Filter>
    </ClInclude>
    <ClInclude Include="Source\cameraclass.h">
      <Filter>Source</Filter>
    </ClInclude>
    <ClInclude Include="Source\colorshaderclass.h">
      <Filter>Source</Filter>
    </ClInclude>
    <ClInclude Include="Source\d3dclass.h">
      <Filter>Source</Filter>
    </ClInclude>
    <ClInclude Include="Source\graphicsclass.h">
      <Filter>Source</Filter>
    </ClInclude>
    <ClInclude Include="Source\inputclass.h">
      <Filter>Source</Filter>
    </ClInclude>
    <ClInclude Include="Source\modelclass.h">
      <Filter>Source</Filter>
    </ClInclude>
    <ClInclude Include="Source\systemclass.h">
      <Filter>Source</Filter>
    </ClInclude>
  </ItemGroup>
  <ItemGroup>
    <ClCompile Include="Source\Memory\BaseAllocator.cpp">
      <Filter>Source\Memory</Filter>
    </ClCompile>
    <ClCompile Include="Source\Memory\LinearAllocator.cpp">
      <Filter>Source\Memory</Filter>
    </ClCompile>
    <ClCompile Include="Source\Memory\IAllocator.cpp">
      <Filter>Source\Memory</Filter>
    </ClCompile>
    <ClCompile Include="Source\Exception\Exception.cpp">
      <Filter>Source\Exception</Filter>
    </ClCompile>
    <ClCompile Include="Source\Exception\ArgumentException.cpp">
      <Filter>Source\Exception</Filter>
    </ClCompile>
    <ClCompile Include="Source\Memory\IDeallocator.cpp">
      <Filter>Source\Memory</Filter>
    </ClCompile>
    <ClCompile Include="Source\Memory\AllocatorUtility.cpp">
      <Filter>Source\Memory</Filter>
    </ClCompile>
    <ClCompile Include="Source\Core\Math.cpp">
      <Filter>Source\Core</Filter>
    </ClCompile>
    <ClCompile Include="Source\Exception\OutOfMemoryException.cpp">
      <Filter>Source\Exception</Filter>
    </ClCompile>
    <ClCompile Include="Source\Memory\StackAllocator.cpp">
      <Filter>Source\Memory</Filter>
    </ClCompile>
    <ClCompile Include="Source\Memory\FreeListAllocator.cpp">
      <Filter>Source\Memory</Filter>
    </ClCompile>
    <ClCompile Include="Source\Exception\NullPointerException.cpp">
      <Filter>Source\Exception</Filter>
    </ClCompile>
    <ClCompile Include="Source\Application\Application.cpp">
      <Filter>Source\Application</Filter>
    </ClCompile>
    <ClCompile Include="Source\IO\Path.cpp">
      <Filter>Source\IO</Filter>
    </ClCompile>
    <ClCompile Include="Source\IO\Directory.cpp">
      <Filter>Source\IO</Filter>
    </ClCompile>
    <ClCompile Include="Source\Application\Window.cpp">
      <Filter>Source\Application</Filter>
    </ClCompile>
    <ClCompile Include="Source\Core\INIReader.cpp">
      <Filter>Source\Core</Filter>
    </ClCompile>
    <ClCompile Include="Source\Debugging\Logger.cpp">
      <Filter>Source\Debugging</Filter>
    </ClCompile>
    <ClCompile Include="Source\Config\GameConfiguration.cpp">
      <Filter>Source\Config</Filter>
    </ClCompile>
    <ClCompile Include="Source\Rendering\Renderer.cpp">
      <Filter>Source\Rendering</Filter>
    </ClCompile>
    <ClCompile Include="Source\Rendering\GraphicsDevice.cpp">
      <Filter>Source\Rendering</Filter>
    </ClCompile>
    <ClCompile Include="Source\Rendering\SwapChain.cpp">
      <Filter>Source\Rendering</Filter>
    </ClCompile>
    <ClCompile Include="Source\Rendering\RenderTargetView.cpp">
      <Filter>Source\Rendering</Filter>
    </ClCompile>
    <ClCompile Include="Source\Core\Color.cpp">
      <Filter>Source\Core</Filter>
    </ClCompile>
    <ClCompile Include="Source\Rendering\ColorShaderClass.cpp">
      <Filter>Source\Rendering</Filter>
    </ClCompile>
    <ClCompile Include="Source\Rendering\Model.cpp">
      <Filter>Source\Rendering</Filter>
    </ClCompile>
    <ClCompile Include="Source\Rendering\Camera.cpp">
      <Filter>Source\Rendering</Filter>
    </ClCompile>
    <ClCompile Include="Source\cameraclass.cpp">
      <Filter>Source</Filter>
    </ClCompile>
    <ClCompile Include="Source\colorshaderclass.cpp">
      <Filter>Source</Filter>
    </ClCompile>
    <ClCompile Include="Source\d3dclass.cpp">
      <Filter>Source</Filter>
    </ClCompile>
    <ClCompile Include="Source\graphicsclass.cpp">
      <Filter>Source</Filter>
    </ClCompile>
    <ClCompile Include="Source\inputclass.cpp">
      <Filter>Source</Filter>
    </ClCompile>
    <ClCompile Include="Source\modelclass.cpp">
      <Filter>Source</Filter>
    </ClCompile>
    <ClCompile Include="Source\systemclass.cpp">
      <Filter>Source</Filter>
    </ClCompile>
  </ItemGroup>
  <ItemGroup>
    <None Include="packages.config" />
    <None Include="Shaders\Vertex\Color.vs">
      <Filter>Shaders\Vertex</Filter>
    </None>
    <None Include="Shaders\PixelShader\Color.ps">
      <Filter>Shaders\PixelShader</Filter>
    </None>
    <None Include="Source\color.ps">
      <Filter>Source</Filter>
    </None>
    <None Include="Source\color.vs">
      <Filter>Source</Filter>
    </None>
  </ItemGroup>
</Project>