<?xml version="1.0" encoding="utf-8"?>
<Project ToolsVersion="4.0" xmlns="http://schemas.microsoft.com/developer/msbuild/2003">
  <ItemGroup>
    <Filter Include="Core">
      <UniqueIdentifier>{3032785f-fa77-4c94-8a4d-089a9a2037a0}</UniqueIdentifier>
    </Filter>
    <Filter Include="Exceptions">
      <UniqueIdentifier>{5fa64e04-108b-418f-a129-46caca5f4e32}</UniqueIdentifier>
    </Filter>
  </ItemGroup>
  <ItemGroup>
    <ClCompile Include="Core\LuaInstance.cpp">
      <Filter>Core</Filter>
    </ClCompile>
    <ClCompile Include="Core\LuaState.cpp">
      <Filter>Core</Filter>
    </ClCompile>
    <ClCompile Include="Exceptions\LuaException.cpp">
      <Filter>Exceptions</Filter>
    </ClCompile>
    <ClCompile Include="Exceptions\LuaIOException.cpp">
      <Filter>Exceptions</Filter>
    </ClCompile>
    <ClCompile Include="Exceptions\LuaRuntimeException.cpp">
      <Filter>Exceptions</Filter>
    </ClCompile>
    <ClCompile Include="Exceptions\LuaErrorMessageException.cpp">
      <Filter>Exceptions</Filter>
    </ClCompile>
    <ClCompile Include="Exceptions\LuaMemoryException.cpp">
      <Filter>Exceptions</Filter>
    </ClCompile>
    <ClCompile Include="Exceptions\LuaSyntaxException.cpp">
      <Filter>Exceptions</Filter>
    </ClCompile>
    <ClCompile Include="Core\GlobalState.cpp">
      <Filter>Core</Filter>
    </ClCompile>
  </ItemGroup>
  <ItemGroup>
    <ClInclude Include="Core\LuaInstance.h">
      <Filter>Core</Filter>
    </ClInclude>
    <ClInclude Include="Core\LuaCore.h">
      <Filter>Core</Filter>
    </ClInclude>
    <ClInclude Include="Core\LuaCoreMinimal.h">
      <Filter>Core</Filter>
    </ClInclude>
    <ClInclude Include="Exceptions\LuaException.h">
      <Filter>Exceptions</Filter>
    </ClInclude>
    <ClInclude Include="Exceptions\LuaIOException.h">
      <Filter>Exceptions</Filter>
    </ClInclude>
    <ClInclude Include="Exceptions\LuaRuntimeException.h">
      <Filter>Exceptions</Filter>
    </ClInclude>
    <ClInclude Include="Exceptions\LuaErrorMessageException.h">
      <Filter>Exceptions</Filter>
    </ClInclude>
    <ClInclude Include="Exceptions\LuaMemoryException.h">
      <Filter>Exceptions</Filter>
    </ClInclude>
    <ClInclude Include="Exceptions\LuaSyntaxException.h">
      <Filter>Exceptions</Filter>
    </ClInclude>
    <ClInclude Include="Core\GlobalState.h">
      <Filter>Core</Filter>
    </ClInclude>
    <ClInclude Include="Core\LuaState.h">
      <Filter>Core</Filter>
    </ClInclude>
    <ClInclude Include="Core\LuaMagicNumbers.h">
      <Filter>Core</Filter>
    </ClInclude>
  </ItemGroup>
  <ItemGroup>
    <None Include="packages.config" />
  </ItemGroup>
</Project>