<?xml version="1.0" encoding="utf-8"?>
<Project ToolsVersion="4.0" xmlns="http://schemas.microsoft.com/developer/msbuild/2003">
  <ItemGroup>
    <Filter Include="Core">
      <UniqueIdentifier>{3032785f-fa77-4c94-8a4d-089a9a2037a0}</UniqueIdentifier>
    </Filter>
  </ItemGroup>
  <ItemGroup>
    <ClCompile Include="Core\LuaInstance.cpp">
      <Filter>Core</Filter>
    </ClCompile>
    <ClCompile Include="Core\LuaState.cpp">
      <Filter>Core</Filter>
    </ClCompile>
  </ItemGroup>
  <ItemGroup>
    <ClInclude Include="Core\LuaInstance.h">
      <Filter>Core</Filter>
    </ClInclude>
    <ClInclude Include="Core\LuaCore.h">
      <Filter>Core</Filter>
    </ClInclude>
    <ClInclude Include="Core\LuaState.h">
      <Filter>Core</Filter>
    </ClInclude>
    <ClInclude Include="Core\LuaCoreMinimal.h">
      <Filter>Core</Filter>
    </ClInclude>
  </ItemGroup>
  <ItemGroup>
    <None Include="packages.config" />
  </ItemGroup>
</Project>