<?xml version="1.0" encoding="utf-8"?>
<Project ToolsVersion="4.0" xmlns="http://schemas.microsoft.com/developer/msbuild/2003">
  <ItemGroup>
    <Filter Include="Resource Files">
      <UniqueIdentifier>{67DA6AB6-F800-4c08-8B7A-83BB121AAD01}</UniqueIdentifier>
      <Extensions>rc;ico;cur;bmp;dlg;rc2;rct;bin;rgs;gif;jpg;jpeg;jpe;resx;tiff;tif;png;wav;mfcribbon-ms</Extensions>
    </Filter>
    <Filter Include="Source">
      <UniqueIdentifier>{96fe5c37-550a-424a-b59f-f2911cb35739}</UniqueIdentifier>
    </Filter>
    <Filter Include="Source\Windows">
      <UniqueIdentifier>{5a2d8c7a-50f5-46eb-8288-cdfa667a2390}</UniqueIdentifier>
    </Filter>
    <Filter Include="Include">
      <UniqueIdentifier>{fc4edb29-7002-4871-9eeb-63c2c8c831fc}</UniqueIdentifier>
    </Filter>
    <Filter Include="Include\Game">
      <UniqueIdentifier>{4a878c62-1d0f-4e05-8b6d-70748be86d33}</UniqueIdentifier>
    </Filter>
    <Filter Include="Source\Game">
      <UniqueIdentifier>{76434074-1e5e-4948-8e26-60dd16919ee1}</UniqueIdentifier>
    </Filter>
    <Filter Include="Source\DirectX">
      <UniqueIdentifier>{ebee4793-350e-4359-b494-528a22943bc8}</UniqueIdentifier>
    </Filter>
    <Filter Include="Source\Formatting">
      <UniqueIdentifier>{1db3ae94-bc29-4274-8712-0bfb01342528}</UniqueIdentifier>
    </Filter>
    <Filter Include="Include\Exceptions">
      <UniqueIdentifier>{2f0c8930-7c31-40ec-be4d-d397d7c44842}</UniqueIdentifier>
    </Filter>
    <Filter Include="Source\Exceptions">
      <UniqueIdentifier>{f94efa15-689f-4ae1-8202-5885abbf6852}</UniqueIdentifier>
    </Filter>
    <Filter Include="Include\Maths">
      <UniqueIdentifier>{300843e7-9730-4182-8a20-11dfef5456d5}</UniqueIdentifier>
    </Filter>
    <Filter Include="Source\Game\Rendering">
      <UniqueIdentifier>{42fa60bd-5c63-402e-8b93-35fabca4d355}</UniqueIdentifier>
    </Filter>
    <Filter Include="Source\Game\Object Management">
      <UniqueIdentifier>{2a87ab4d-195c-4288-a8d8-e0d0d16c6dfd}</UniqueIdentifier>
    </Filter>
    <Filter Include="Include\Utility">
      <UniqueIdentifier>{38833ab0-9abd-4983-ade2-e86fa78ce84b}</UniqueIdentifier>
    </Filter>
    <Filter Include="Source\Utility">
      <UniqueIdentifier>{6d976d1e-fbf6-4abe-9ff3-66041c0cbe82}</UniqueIdentifier>
    </Filter>
  </ItemGroup>
  <ItemGroup>
    <ClInclude Include="Source\Windows\GameWindow.h">
      <Filter>Source\Windows</Filter>
    </ClInclude>
    <ClInclude Include="Source\Windows\IWindow.h">
      <Filter>Source\Windows</Filter>
    </ClInclude>
    <ClInclude Include="Source\Windows\Window.h">
      <Filter>Source\Windows</Filter>
    </ClInclude>
    <ClInclude Include="Source\Windows\WindowProcedure.h">
      <Filter>Source\Windows</Filter>
    </ClInclude>
    <ClInclude Include="Include\Game\Time\Time.h">
      <Filter>Include\Game</Filter>
    </ClInclude>
    <ClInclude Include="Include\Game\IDebugStringReturner.h">
      <Filter>Include\Game</Filter>
    </ClInclude>
    <ClInclude Include="Include\Game\Output.h">
      <Filter>Include\Game</Filter>
    </ClInclude>
    <ClInclude Include="Source\DirectX\DepthBuffer.h">
      <Filter>Source\DirectX</Filter>
    </ClInclude>
    <ClInclude Include="Source\DirectX\DirectXHelper.h">
      <Filter>Source\DirectX</Filter>
    </ClInclude>
    <ClInclude Include="Source\DirectX\GraphicsDevice.h">
      <Filter>Source\DirectX</Filter>
    </ClInclude>
    <ClInclude Include="Source\DirectX\IndexBuffer.h">
      <Filter>Source\DirectX</Filter>
    </ClInclude>
    <ClInclude Include="Source\DirectX\Renderer.h">
      <Filter>Source\DirectX</Filter>
    </ClInclude>
    <ClInclude Include="Source\DirectX\RenderTargetView.h">
      <Filter>Source\DirectX</Filter>
    </ClInclude>
    <ClInclude Include="Source\DirectX\SwapChain.h">
      <Filter>Source\DirectX</Filter>
    </ClInclude>
    <ClInclude Include="Source\DirectX\Texture2D.h">
      <Filter>Source\DirectX</Filter>
    </ClInclude>
    <ClInclude Include="Source\DirectX\VertexBuffer.h">
      <Filter>Source\DirectX</Filter>
    </ClInclude>
    <ClInclude Include="Source\DirectX\VertexBufferConverter.h">
      <Filter>Source\DirectX</Filter>
    </ClInclude>
    <ClInclude Include="Include\Game\Color.h">
      <Filter>Include\Game</Filter>
    </ClInclude>
    <ClInclude Include="Include\Game\Input.h">
      <Filter>Include\Game</Filter>
    </ClInclude>
    <ClInclude Include="Include\Game\Key.h">
      <Filter>Include\Game</Filter>
    </ClInclude>
    <ClInclude Include="Source\Formatting\NumberFormatting.h">
      <Filter>Source\Formatting</Filter>
    </ClInclude>
    <ClInclude Include="Include\Exceptions\DirectXException.h">
      <Filter>Include\Exceptions</Filter>
    </ClInclude>
    <ClInclude Include="Include\Exceptions\DivideByZeroException.h">
      <Filter>Include\Exceptions</Filter>
    </ClInclude>
    <ClInclude Include="Include\Exceptions\Exception.h">
      <Filter>Include\Exceptions</Filter>
    </ClInclude>
    <ClInclude Include="Include\Exceptions\InvalidArgumentException.h">
      <Filter>Include\Exceptions</Filter>
    </ClInclude>
    <ClInclude Include="Include\Exceptions\InvalidOperationException.h">
      <Filter>Include\Exceptions</Filter>
    </ClInclude>
    <ClInclude Include="Include\Exceptions\NullReferenceException.h">
      <Filter>Include\Exceptions</Filter>
    </ClInclude>
    <ClInclude Include="Include\Exceptions\OutOfRangeException.h">
      <Filter>Include\Exceptions</Filter>
    </ClInclude>
    <ClInclude Include="Include\Maths\DoubleVector2.h">
      <Filter>Include\Maths</Filter>
    </ClInclude>
    <ClInclude Include="Include\Maths\DoubleVector3.h">
      <Filter>Include\Maths</Filter>
    </ClInclude>
    <ClInclude Include="Include\Maths\DoubleVector4.h">
      <Filter>Include\Maths</Filter>
    </ClInclude>
    <ClInclude Include="Include\Maths\FloatVector2.h">
      <Filter>Include\Maths</Filter>
    </ClInclude>
    <ClInclude Include="Include\Maths\FloatVector3.h">
      <Filter>Include\Maths</Filter>
    </ClInclude>
    <ClInclude Include="Include\Maths\FloatVector4.h">
      <Filter>Include\Maths</Filter>
    </ClInclude>
    <ClInclude Include="Include\Maths\GenericMatrix.h">
      <Filter>Include\Maths</Filter>
    </ClInclude>
    <ClInclude Include="Include\Maths\Vector2Base.h">
      <Filter>Include\Maths</Filter>
    </ClInclude>
    <ClInclude Include="Include\Maths\Vector3Base.h">
      <Filter>Include\Maths</Filter>
    </ClInclude>
    <ClInclude Include="Include\Maths\Vector4Base.h">
      <Filter>Include\Maths</Filter>
    </ClInclude>
    <ClInclude Include="Include\Maths\VectorBase.h">
      <Filter>Include\Maths</Filter>
    </ClInclude>
    <ClInclude Include="Include\Game\IntVector2.h">
      <Filter>Include\Game</Filter>
    </ClInclude>
    <ClInclude Include="Include\Game\IntVector3.h">
      <Filter>Include\Game</Filter>
    </ClInclude>
    <ClInclude Include="Include\Game\IntVector4.h">
      <Filter>Include\Game</Filter>
    </ClInclude>
    <ClInclude Include="Include\Game\Math.h">
      <Filter>Include\Game</Filter>
    </ClInclude>
    <ClInclude Include="Include\Game\Quaternion.h">
      <Filter>Include\Game</Filter>
    </ClInclude>
    <ClInclude Include="Include\Game\Vector2.h">
      <Filter>Include\Game</Filter>
    </ClInclude>
    <ClInclude Include="Include\Game\Vector3.h">
      <Filter>Include\Game</Filter>
    </ClInclude>
    <ClInclude Include="Include\Game\Vector4.h">
      <Filter>Include\Game</Filter>
    </ClInclude>
    <ClInclude Include="Source\Game\Rendering\RenderingBufferDataContainer.h">
      <Filter>Source\Game\Rendering</Filter>
    </ClInclude>
    <ClInclude Include="Include\Game\IndexBufferData.h">
      <Filter>Include\Game</Filter>
    </ClInclude>
    <ClInclude Include="Include\Game\VertexBufferData.h">
      <Filter>Include\Game</Filter>
    </ClInclude>
    <ClInclude Include="Include\Game\Mesh.h">
      <Filter>Include\Game</Filter>
    </ClInclude>
    <ClInclude Include="Include\Game\Object.h">
      <Filter>Include\Game</Filter>
    </ClInclude>
    <ClInclude Include="Include\Game\SafePtr.h">
      <Filter>Include\Game</Filter>
    </ClInclude>
    <ClInclude Include="Include\Game\GameObject.h">
      <Filter>Include\Game</Filter>
    </ClInclude>
    <ClInclude Include="Source\Game\Object Management\ComponentContainer.h">
      <Filter>Source\Game\Object Management</Filter>
    </ClInclude>
    <ClInclude Include="Source\Game\Object Management\GameObjectContainer.h">
      <Filter>Source\Game\Object Management</Filter>
    </ClInclude>
    <ClInclude Include="Source\Game\Object Management\GlobalObjectManager.h">
      <Filter>Source\Game\Object Management</Filter>
    </ClInclude>
    <ClInclude Include="Source\Game\Object Management\IComponent.h">
      <Filter>Source\Game\Object Management</Filter>
    </ClInclude>
    <ClInclude Include="Source\Game\Object Management\IObject.h">
      <Filter>Source\Game\Object Management</Filter>
    </ClInclude>
    <ClInclude Include="Source\Game\Object Management\ObjectContainer.h">
      <Filter>Source\Game\Object Management</Filter>
    </ClInclude>
    <ClInclude Include="Source\Game\Object Management\SafeObjRef.h">
      <Filter>Source\Game\Object Management</Filter>
    </ClInclude>
    <ClInclude Include="Include\Game\Application.h">
      <Filter>Include\Game</Filter>
    </ClInclude>
    <ClInclude Include="Source\Game\Object Management\ObjectCounter.h">
      <Filter>Source\Game\Object Management</Filter>
    </ClInclude>
    <ClInclude Include="Source\DirectX\RasterizerState.h">
      <Filter>Source\DirectX</Filter>
    </ClInclude>
    <ClInclude Include="Source\DirectX\RenderStateGroups.h">
      <Filter>Source\DirectX</Filter>
    </ClInclude>
    <ClInclude Include="Source\DirectX\ShaderLoader.h">
      <Filter>Source\DirectX</Filter>
    </ClInclude>
    <ClInclude Include="Include\Utility\Directory.h">
      <Filter>Include\Utility</Filter>
    </ClInclude>
  </ItemGroup>
  <ItemGroup>
    <ClCompile Include="Source\Windows\GameWindow.cpp">
      <Filter>Source\Windows</Filter>
    </ClCompile>
    <ClCompile Include="Source\Windows\Window.cpp">
      <Filter>Source\Windows</Filter>
    </ClCompile>
    <ClCompile Include="Source\Windows\WindowProcedure.cpp">
      <Filter>Source\Windows</Filter>
    </ClCompile>
    <ClCompile Include="Source\Game\Time.cpp">
      <Filter>Source\Game</Filter>
    </ClCompile>
    <ClCompile Include="Source\Game\Output.cpp">
      <Filter>Source\Game</Filter>
    </ClCompile>
    <ClCompile Include="Source\DirectX\DepthBuffer.cpp">
      <Filter>Source\DirectX</Filter>
    </ClCompile>
    <ClCompile Include="Source\DirectX\GraphicsDevice.cpp">
      <Filter>Source\DirectX</Filter>
    </ClCompile>
    <ClCompile Include="Source\DirectX\IndexBuffer.cpp">
      <Filter>Source\DirectX</Filter>
    </ClCompile>
    <ClCompile Include="Source\DirectX\Renderer.cpp">
      <Filter>Source\DirectX</Filter>
    </ClCompile>
    <ClCompile Include="Source\DirectX\RenderTargetView.cpp">
      <Filter>Source\DirectX</Filter>
    </ClCompile>
    <ClCompile Include="Source\DirectX\SwapChain.cpp">
      <Filter>Source\DirectX</Filter>
    </ClCompile>
    <ClCompile Include="Source\DirectX\Texture2D.cpp">
      <Filter>Source\DirectX</Filter>
    </ClCompile>
    <ClCompile Include="Source\DirectX\VertexBuffer.cpp">
      <Filter>Source\DirectX</Filter>
    </ClCompile>
    <ClCompile Include="Source\Game\Color.cpp">
      <Filter>Source\Game</Filter>
    </ClCompile>
    <ClCompile Include="Source\Game\Input.cpp">
      <Filter>Source\Game</Filter>
    </ClCompile>
    <ClCompile Include="Source\Formatting\NumberFormatting.cpp">
      <Filter>Source\Formatting</Filter>
    </ClCompile>
    <ClCompile Include="Source\Exceptions\Exception.cpp">
      <Filter>Source\Exceptions</Filter>
    </ClCompile>
    <ClCompile Include="Source\Game\Math.cpp">
      <Filter>Source\Game</Filter>
    </ClCompile>
    <ClCompile Include="Source\Game\Quaternion.cpp">
      <Filter>Source\Game</Filter>
    </ClCompile>
    <ClCompile Include="Source\Game\Rendering\Mesh.cpp">
      <Filter>Source\Game\Rendering</Filter>
    </ClCompile>
    <ClCompile Include="Source\Game\Object Management\ComponentContainer.cpp">
      <Filter>Source\Game\Object Management</Filter>
    </ClCompile>
    <ClCompile Include="Source\Game\Object Management\GameObject.cpp">
      <Filter>Source\Game\Object Management</Filter>
    </ClCompile>
    <ClCompile Include="Source\Game\Object Management\GlobalObjectManager.cpp">
      <Filter>Source\Game\Object Management</Filter>
    </ClCompile>
    <ClCompile Include="Source\Game\Object Management\Object.cpp">
      <Filter>Source\Game\Object Management</Filter>
    </ClCompile>
    <ClCompile Include="Source\Game\Application.cpp">
      <Filter>Source\Game</Filter>
    </ClCompile>
    <ClCompile Include="Source\Game\Object Management\ObjectCounter.cpp">
      <Filter>Source\Game\Object Management</Filter>
    </ClCompile>
    <ClCompile Include="Source\DirectX\RasterizerState.cpp">
      <Filter>Source\DirectX</Filter>
    </ClCompile>
    <ClCompile Include="Source\DirectX\RenderStateGroups.cpp">
      <Filter>Source\DirectX</Filter>
    </ClCompile>
    <ClCompile Include="Source\DirectX\ShaderLoader.cpp">
      <Filter>Source\DirectX</Filter>
    </ClCompile>
    <ClCompile Include="Source\Utility\Directory.cpp">
      <Filter>Source\Utility</Filter>
    </ClCompile>
  </ItemGroup>
</Project>