<?xml version="1.0" encoding="utf-8"?>
<Project ToolsVersion="4.0" xmlns="http://schemas.microsoft.com/developer/msbuild/2003">
  <ItemGroup>
    <Filter Include="Exceptions">
      <UniqueIdentifier>{6d5c35af-076f-4c31-abb0-50e197444f4e}</UniqueIdentifier>
    </Filter>
    <Filter Include="IO">
      <UniqueIdentifier>{f8429f15-4dce-4fcc-9215-4026936d5a72}</UniqueIdentifier>
    </Filter>
    <Filter Include="Core">
      <UniqueIdentifier>{87cd686f-b292-47b9-b7b5-8d4d656cf2c9}</UniqueIdentifier>
    </Filter>
  </ItemGroup>
  <ItemGroup>
    <ClCompile Include="Exceptions\Exception.cpp">
      <Filter>Exceptions</Filter>
    </ClCompile>
    <ClCompile Include="IO\Directory.cpp">
      <Filter>IO</Filter>
    </ClCompile>
    <ClCompile Include="IO\Path.cpp">
      <Filter>IO</Filter>
    </ClCompile>
    <ClCompile Include="Exceptions\ArgumentException.cpp">
      <Filter>Exceptions</Filter>
    </ClCompile>
    <ClCompile Include="Exceptions\IOException.cpp">
      <Filter>Exceptions</Filter>
    </ClCompile>
    <ClCompile Include="Core\Color.cpp">
      <Filter>Core</Filter>
    </ClCompile>
    <ClCompile Include="Core\Font.cpp">
      <Filter>Core</Filter>
    </ClCompile>
    <ClCompile Include="IO\Json.cpp">
      <Filter>IO</Filter>
    </ClCompile>
  </ItemGroup>
  <ItemGroup>
    <ClInclude Include="Exceptions\Exception.h">
      <Filter>Exceptions</Filter>
    </ClInclude>
    <ClInclude Include="IO\Directory.h">
      <Filter>IO</Filter>
    </ClInclude>
    <ClInclude Include="IO\Path.h">
      <Filter>IO</Filter>
    </ClInclude>
    <ClInclude Include="Exceptions\ArgumentException.h">
      <Filter>Exceptions</Filter>
    </ClInclude>
    <ClInclude Include="IO\Json.h">
      <Filter>IO</Filter>
    </ClInclude>
    <ClInclude Include="Exceptions\IOException.h">
      <Filter>Exceptions</Filter>
    </ClInclude>
    <ClInclude Include="Core\Color.h">
      <Filter>Core</Filter>
    </ClInclude>
    <ClInclude Include="Core\Core.h">
      <Filter>Core</Filter>
    </ClInclude>
    <ClInclude Include="Core\Font.h">
      <Filter>Core</Filter>
    </ClInclude>
    <ClInclude Include="Core\StringUtility.h">
      <Filter>Core</Filter>
    </ClInclude>
  </ItemGroup>
  <ItemGroup>
    <None Include="packages.config" />
  </ItemGroup>
</Project>