<?xml version="1.0" encoding="utf-8"?>
<Project ToolsVersion="4.0" xmlns="http://schemas.microsoft.com/developer/msbuild/2003">
  <ItemGroup>
    <ClCompile Include="pch.cpp" />
    <ClCompile Include="Math\Vector2Tests.cpp">
      <Filter>Math</Filter>
    </ClCompile>
    <ClCompile Include="Math\Vector3Tests.cpp">
      <Filter>Math</Filter>
    </ClCompile>
    <ClCompile Include="Math\Vector4Tests.cpp">
      <Filter>Math</Filter>
    </ClCompile>
    <ClCompile Include="Math\ArbitraryVector.cpp">
      <Filter>Math</Filter>
    </ClCompile>
    <ClCompile Include="Math\TypedFloatingPointVectorTests.cpp">
      <Filter>Math</Filter>
    </ClCompile>
    <ClCompile Include="Math\TypedGenericVectorTests.cpp">
      <Filter>Math</Filter>
    </ClCompile>
    <ClCompile Include="Math\TypedIntegerVectorTests.cpp">
      <Filter>Math</Filter>
    </ClCompile>
    <ClCompile Include="Math\IntVector2Tests.cpp">
      <Filter>Math</Filter>
    </ClCompile>
    <ClCompile Include="Math\IntVector3Tests.cpp">
      <Filter>Math</Filter>
    </ClCompile>
    <ClCompile Include="Math\IntVector4Tests.cpp">
      <Filter>Math</Filter>
    </ClCompile>
    <ClCompile Include="Math\MatrixTests.cpp">
      <Filter>Math</Filter>
    </ClCompile>
    <ClCompile Include="Math\QuaternionTests.cpp">
      <Filter>Math</Filter>
    </ClCompile>
    <ClCompile Include="Math\MathTests.cpp">
      <Filter>Math</Filter>
    </ClCompile>
    <ClCompile Include="Rendering\RenderBuffer.cpp">
      <Filter>Rendering</Filter>
    </ClCompile>
  </ItemGroup>
  <ItemGroup>
    <ClInclude Include="pch.h" />
    <ClInclude Include="Utility\Comparison\ComparisonUtility.h">
      <Filter>Utility\Comparison</Filter>
    </ClInclude>
    <ClInclude Include="Utility\Comparison\ComparisonUtilityMatrix.h">
      <Filter>Utility\Comparison</Filter>
    </ClInclude>
    <ClInclude Include="Utility\Comparison\ComparisonUtilityQuaternions.h">
      <Filter>Utility\Comparison</Filter>
    </ClInclude>
    <ClInclude Include="Utility\Comparison\ComparisonUtilityVectors.h">
      <Filter>Utility\Comparison</Filter>
    </ClInclude>
  </ItemGroup>
  <ItemGroup>
    <Filter Include="Math">
      <UniqueIdentifier>{795fb21f-bec7-47b8-a71d-97759cc97174}</UniqueIdentifier>
    </Filter>
    <Filter Include="Utility">
      <UniqueIdentifier>{b295762d-4e43-4dcd-a519-abd892c16ef0}</UniqueIdentifier>
    </Filter>
    <Filter Include="Utility\Comparison">
      <UniqueIdentifier>{a85fef65-1685-4920-8dcf-b23c86eb20cb}</UniqueIdentifier>
    </Filter>
    <Filter Include="Rendering">
      <UniqueIdentifier>{c3e7a6fc-ddc5-4c25-82a2-218be2c3359c}</UniqueIdentifier>
    </Filter>
  </ItemGroup>
</Project>